{
    "_meta": {
        "hash": {
            "sha256": "dabd6c943c13288fcfb23e4e8d20b802c477ad870ba5256981d0f7014c9148a2"
        },
        "pipfile-spec": 6,
        "requires": {
            "python_version": "2.7"
        },
        "sources": [
            {
                "name": "pypi",
                "url": "https://pypi.org/simple",
                "verify_ssl": true
            }
        ]
    },
    "default": {
        "py": {
            "hashes": [
                "sha256:29c9fab495d7528e80ba1e343b958684f4ace687327e6f789a94bf3d1915f881",
                "sha256:983f77f3331356039fdd792e9220b7b8ee1aa6bd2b25f567a963ff1de5a64f6a"
            ],
            "version": "==1.5.3"
        },
        "pytest": {
            "hashes": [
                "sha256:4c2159d2be2b4e13fa293e7a72bdf2f06848a017150d5c6d35112ce51cfd74ce",
                "sha256:82c1e44a964ec5922c7c3891787df31c8c4f18b6c97a722df56b6cf20bb38c8a"
            ],
            "index": "pypi",
            "version": "==3.2.1"
        }
    },
    "develop": {}
}
